
Microsoft Visual Studio Solution File, Format Version 12.00
# Visual Studio 15
VisualStudioVersion = 15.0.27004.2010
MinimumVisualStudioVersion = 10.0.40219.1
Project("{2150E333-8FDC-42A3-9474-1A3956D46DE8}") = "Tests", "Tests", "{49842E4D-CB88-4D75-8C7A-2ADFB7CDB59D}"
EndProject
Project("{FAE04EC0-301F-11D3-BF4B-00C04F79EFBC}") = "AdventOfCode2017.Day1", "AdventOfCode2017.Day1\AdventOfCode2017.Day1.csproj", "{198A805D-316C-45D6-A6FE-8EA62C175EF3}"
EndProject
Project("{FAE04EC0-301F-11D3-BF4B-00C04F79EFBC}") = "AdventOfCode2017.Common", "AdventOfCode2017.Common\AdventOfCode2017.Common.csproj", "{F57AAF69-619F-4893-A469-33266AF80342}"
EndProject
Project("{FAE04EC0-301F-11D3-BF4B-00C04F79EFBC}") = "AdventOfCode2017.Day1.Test", "AdventOfCode2017.Day1.Test\AdventOfCode2017.Day1.Test.csproj", "{4D4DF7B2-39CD-48B4-857D-3B6CC0565A98}"
EndProject
Project("{FAE04EC0-301F-11D3-BF4B-00C04F79EFBC}") = "AdventOfCode2017.Day2", "AdventOfCode2017.Day2\AdventOfCode2017.Day2.csproj", "{77FD7FE6-75FE-43B2-9F0F-5A5D9CB9BB6E}"
EndProject
Project("{FAE04EC0-301F-11D3-BF4B-00C04F79EFBC}") = "AdventOfCode2017.Day2.Test", "AdventOfCode2017.Day2.Test\AdventOfCode2017.Day2.Test.csproj", "{D67D3A2D-D762-46EA-A2C6-887BBCD55E4F}"
EndProject
Project("{FAE04EC0-301F-11D3-BF4B-00C04F79EFBC}") = "AdventOfCode2017.Day3", "AdventOfCode2017.Day3\AdventOfCode2017.Day3.csproj", "{9B39235C-23F6-4434-991B-43D4D9AD181C}"
EndProject
Project("{FAE04EC0-301F-11D3-BF4B-00C04F79EFBC}") = "AdventOfCode2017.Day3.Test", "AdventOfCode2017.Day3.Test\AdventOfCode2017.Day3.Test.csproj", "{AA6ED029-D5E7-42EE-91B5-937FAA99B639}"
EndProject
Project("{FAE04EC0-301F-11D3-BF4B-00C04F79EFBC}") = "AdventOfCode2017.Day4", "AdventOfCode2017.Day4\AdventOfCode2017.Day4.csproj", "{E527D5E8-F7B5-426A-99FC-A69B39B80460}"
EndProject
Project("{FAE04EC0-301F-11D3-BF4B-00C04F79EFBC}") = "AdventOfCode2017.Day4.Test", "AdventOfCode2017.Day4.Test\AdventOfCode2017.Day4.Test.csproj", "{BF52D22D-678A-458D-8CDD-B91CCB7D7DF8}"
EndProject
Project("{FAE04EC0-301F-11D3-BF4B-00C04F79EFBC}") = "AdventOfCode2017.Day5", "AdventOfCode2017.Day5\AdventOfCode2017.Day5.csproj", "{B9138817-4E60-4152-9412-AAA837042DB8}"
EndProject
Project("{FAE04EC0-301F-11D3-BF4B-00C04F79EFBC}") = "AdventOfCode2017.Day5.Test", "AdventOfCode2017.Day5.Test\AdventOfCode2017.Day5.Test.csproj", "{979E5F59-D9F4-48D9-9B96-709D24184159}"
EndProject
Project("{FAE04EC0-301F-11D3-BF4B-00C04F79EFBC}") = "AdventOfCode2017.Day6", "AdventOfCode2017.Day6\AdventOfCode2017.Day6.csproj", "{C3230A9F-4F79-4AE7-B5D8-5E7B02CBA87B}"
EndProject
Project("{FAE04EC0-301F-11D3-BF4B-00C04F79EFBC}") = "AdventOfCode2017.Day6.Test", "AdventOfCode2017.Day6.Test\AdventOfCode2017.Day6.Test.csproj", "{FB1159E3-8970-4297-82F6-C008E93D47FC}"
EndProject
Project("{FAE04EC0-301F-11D3-BF4B-00C04F79EFBC}") = "AdventOfCode2017.Day7", "AdventOfCode2017.Day7\AdventOfCode2017.Day7.csproj", "{1A766005-360E-498D-8404-420744D5347A}"
EndProject
Project("{FAE04EC0-301F-11D3-BF4B-00C04F79EFBC}") = "AdventOfCode2017.Day7.Test", "AdventOfCode2017.Day7.Test\AdventOfCode2017.Day7.Test.csproj", "{C056D238-0661-480E-B4A0-45AF8E64B109}"
EndProject
Project("{FAE04EC0-301F-11D3-BF4B-00C04F79EFBC}") = "AdventOfCode2017.Day8", "AdventOfCode2017.Day8\AdventOfCode2017.Day8.csproj", "{7A669B04-D4F8-4EBD-91D3-D871BE1C6871}"
EndProject
Project("{FAE04EC0-301F-11D3-BF4B-00C04F79EFBC}") = "AdventOfCode2017.Day8.Test", "AdventOfCode2017.Day8.Test\AdventOfCode2017.Day8.Test.csproj", "{D61F2D57-F93B-4C9E-9239-2BEB948D33F9}"
EndProject
Project("{FAE04EC0-301F-11D3-BF4B-00C04F79EFBC}") = "AdventOfCode2017.Day9", "AdventOfCode2017.Day9\AdventOfCode2017.Day9.csproj", "{9B769E1D-AEF7-4263-ABF0-4F07C49A6CA4}"
EndProject
Project("{FAE04EC0-301F-11D3-BF4B-00C04F79EFBC}") = "AdventOfCode2017.Day9.Test", "AdventOfCode2017.Day9.Test\AdventOfCode2017.Day9.Test.csproj", "{FE986EED-7A77-4959-8827-D1EF50E18C29}"
EndProject
Project("{FAE04EC0-301F-11D3-BF4B-00C04F79EFBC}") = "AdventOfCode2017.Day10", "AdventOfCode2017.Day10\AdventOfCode2017.Day10.csproj", "{74074E44-4893-4318-8337-1B8F51EF9FD1}"
EndProject
Project("{FAE04EC0-301F-11D3-BF4B-00C04F79EFBC}") = "AdventOfCode2017.Day10.Test", "AdventOfCode2017.Day10.Test\AdventOfCode2017.Day10.Test.csproj", "{A2EC446E-FDFE-4C32-9BDF-644502596B2E}"
EndProject
Project("{FAE04EC0-301F-11D3-BF4B-00C04F79EFBC}") = "AdventOfCode2017.Day11", "AdventOfCode2017.Day11\AdventOfCode2017.Day11.csproj", "{68C950C5-3F24-480A-970A-8D89CD72FCBB}"
EndProject
Project("{FAE04EC0-301F-11D3-BF4B-00C04F79EFBC}") = "AdventOfCode2017.Day11.Test", "AdventOfCode2017.Day11.Test\AdventOfCode2017.Day11.Test.csproj", "{8A64C070-94D5-42B8-906A-1862E33E8CF2}"
EndProject
Project("{FAE04EC0-301F-11D3-BF4B-00C04F79EFBC}") = "AdventOfCode2017.Day12", "AdventOfCode2017.Day12\AdventOfCode2017.Day12.csproj", "{CEBBCC2F-430E-4555-94C4-9475DE428F83}"
EndProject
Project("{FAE04EC0-301F-11D3-BF4B-00C04F79EFBC}") = "AdventOfCode2017.Day12.Test", "AdventOfCode2017.Day12.Test\AdventOfCode2017.Day12.Test.csproj", "{2B22B254-4265-42AD-8E5A-C887D55BB634}"
EndProject
Project("{FAE04EC0-301F-11D3-BF4B-00C04F79EFBC}") = "AdventOfCode2017.Day13", "AdventOfCode2017.Day13\AdventOfCode2017.Day13.csproj", "{D1CA39C9-4F1B-4910-9AF6-B8E24FBB8EE3}"
EndProject
Project("{FAE04EC0-301F-11D3-BF4B-00C04F79EFBC}") = "AdventOfCode2017.Day13.Test", "AdventOfCode2017.Day13.Test\AdventOfCode2017.Day13.Test.csproj", "{756449E0-8DBB-4BE8-AE81-99DA74F7EB76}"
EndProject
Project("{FAE04EC0-301F-11D3-BF4B-00C04F79EFBC}") = "AdventOfCode2017.Day14", "AdventOfCode2017.Day14\AdventOfCode2017.Day14.csproj", "{4BF5D117-50E4-4322-9366-3471EBD8EECC}"
EndProject
Project("{FAE04EC0-301F-11D3-BF4B-00C04F79EFBC}") = "AdventOfCode2017.Day14.Test", "AdventOfCode2017.Day14.Test\AdventOfCode2017.Day14.Test.csproj", "{97173015-0348-4FF7-9045-7988DBEF4E22}"
EndProject
Project("{FAE04EC0-301F-11D3-BF4B-00C04F79EFBC}") = "AdventOfCode2017.Day15", "AdventOfCode2017.Day15\AdventOfCode2017.Day15.csproj", "{36FE2C01-EF6D-463B-ABF5-97BE12CFDA9F}"
EndProject
Project("{FAE04EC0-301F-11D3-BF4B-00C04F79EFBC}") = "AdventOfCode2017.Day15.Test", "AdventOfCode2017.Day15.Test\AdventOfCode2017.Day15.Test.csproj", "{3E6C06F8-0751-4B4D-85B9-2D1F1BED3A76}"
EndProject
Project("{FAE04EC0-301F-11D3-BF4B-00C04F79EFBC}") = "AdventOfCode2017.Day16", "AdventOfCode2017.Day16\AdventOfCode2017.Day16.csproj", "{CD827C61-050A-4A36-8473-CDCE960DD0FE}"
EndProject
Project("{FAE04EC0-301F-11D3-BF4B-00C04F79EFBC}") = "AdventOfCode2017.Day16.Test", "AdventOfCode2017.Day16.Test\AdventOfCode2017.Day16.Test.csproj", "{609CFCFC-CEE0-45AA-9004-4595E35C9D19}"
EndProject
Project("{FAE04EC0-301F-11D3-BF4B-00C04F79EFBC}") = "AdventOfCode2017.Day17", "AdventOfCode2017.Day17\AdventOfCode2017.Day17.csproj", "{80521C37-D3DF-49E7-9174-CBDBF509379E}"
EndProject
Project("{FAE04EC0-301F-11D3-BF4B-00C04F79EFBC}") = "AdventOfCode2017.Day17.Test", "AdventOfCode2017.Day17.Test\AdventOfCode2017.Day17.Test.csproj", "{73EB907E-93ED-4044-8630-751C2FC402C3}"
EndProject
Project("{FAE04EC0-301F-11D3-BF4B-00C04F79EFBC}") = "AdventOfCode2017.Day18", "AdventOfCode2017.Day18\AdventOfCode2017.Day18.csproj", "{38BF6107-EE57-4622-9FE9-AC1DD7E4F5FB}"
EndProject
Project("{FAE04EC0-301F-11D3-BF4B-00C04F79EFBC}") = "AdventOfCode2017.Day18.Test", "AdventOfCode2017.Day18.Test\AdventOfCode2017.Day18.Test.csproj", "{1F17B034-E4FD-4940-AFD8-67BEDF518B5C}"
EndProject
Project("{FAE04EC0-301F-11D3-BF4B-00C04F79EFBC}") = "AdventOfCode2017.Day19", "AdventOfCode2017.Day19\AdventOfCode2017.Day19.csproj", "{20BF8E87-DB13-4EC4-A737-C9D79183730F}"
EndProject
Project("{FAE04EC0-301F-11D3-BF4B-00C04F79EFBC}") = "AdventOfCode2017.Day19.Test", "AdventOfCode2017.Day19.Test\AdventOfCode2017.Day19.Test.csproj", "{E2738056-8BD5-416E-8923-08E237BA030C}"
EndProject
Global
	GlobalSection(SolutionConfigurationPlatforms) = preSolution
		Debug|Any CPU = Debug|Any CPU
		Release|Any CPU = Release|Any CPU
	EndGlobalSection
	GlobalSection(ProjectConfigurationPlatforms) = postSolution
		{198A805D-316C-45D6-A6FE-8EA62C175EF3}.Debug|Any CPU.ActiveCfg = Debug|Any CPU
		{198A805D-316C-45D6-A6FE-8EA62C175EF3}.Debug|Any CPU.Build.0 = Debug|Any CPU
		{198A805D-316C-45D6-A6FE-8EA62C175EF3}.Release|Any CPU.ActiveCfg = Release|Any CPU
		{198A805D-316C-45D6-A6FE-8EA62C175EF3}.Release|Any CPU.Build.0 = Release|Any CPU
		{F57AAF69-619F-4893-A469-33266AF80342}.Debug|Any CPU.ActiveCfg = Debug|Any CPU
		{F57AAF69-619F-4893-A469-33266AF80342}.Debug|Any CPU.Build.0 = Debug|Any CPU
		{F57AAF69-619F-4893-A469-33266AF80342}.Release|Any CPU.ActiveCfg = Release|Any CPU
		{F57AAF69-619F-4893-A469-33266AF80342}.Release|Any CPU.Build.0 = Release|Any CPU
		{4D4DF7B2-39CD-48B4-857D-3B6CC0565A98}.Debug|Any CPU.ActiveCfg = Debug|Any CPU
		{4D4DF7B2-39CD-48B4-857D-3B6CC0565A98}.Debug|Any CPU.Build.0 = Debug|Any CPU
		{4D4DF7B2-39CD-48B4-857D-3B6CC0565A98}.Release|Any CPU.ActiveCfg = Release|Any CPU
		{4D4DF7B2-39CD-48B4-857D-3B6CC0565A98}.Release|Any CPU.Build.0 = Release|Any CPU
		{77FD7FE6-75FE-43B2-9F0F-5A5D9CB9BB6E}.Debug|Any CPU.ActiveCfg = Debug|Any CPU
		{77FD7FE6-75FE-43B2-9F0F-5A5D9CB9BB6E}.Debug|Any CPU.Build.0 = Debug|Any CPU
		{77FD7FE6-75FE-43B2-9F0F-5A5D9CB9BB6E}.Release|Any CPU.ActiveCfg = Release|Any CPU
		{77FD7FE6-75FE-43B2-9F0F-5A5D9CB9BB6E}.Release|Any CPU.Build.0 = Release|Any CPU
		{D67D3A2D-D762-46EA-A2C6-887BBCD55E4F}.Debug|Any CPU.ActiveCfg = Debug|Any CPU
		{D67D3A2D-D762-46EA-A2C6-887BBCD55E4F}.Debug|Any CPU.Build.0 = Debug|Any CPU
		{D67D3A2D-D762-46EA-A2C6-887BBCD55E4F}.Release|Any CPU.ActiveCfg = Release|Any CPU
		{D67D3A2D-D762-46EA-A2C6-887BBCD55E4F}.Release|Any CPU.Build.0 = Release|Any CPU
		{9B39235C-23F6-4434-991B-43D4D9AD181C}.Debug|Any CPU.ActiveCfg = Debug|Any CPU
		{9B39235C-23F6-4434-991B-43D4D9AD181C}.Debug|Any CPU.Build.0 = Debug|Any CPU
		{9B39235C-23F6-4434-991B-43D4D9AD181C}.Release|Any CPU.ActiveCfg = Release|Any CPU
		{9B39235C-23F6-4434-991B-43D4D9AD181C}.Release|Any CPU.Build.0 = Release|Any CPU
		{AA6ED029-D5E7-42EE-91B5-937FAA99B639}.Debug|Any CPU.ActiveCfg = Debug|Any CPU
		{AA6ED029-D5E7-42EE-91B5-937FAA99B639}.Debug|Any CPU.Build.0 = Debug|Any CPU
		{AA6ED029-D5E7-42EE-91B5-937FAA99B639}.Release|Any CPU.ActiveCfg = Release|Any CPU
		{AA6ED029-D5E7-42EE-91B5-937FAA99B639}.Release|Any CPU.Build.0 = Release|Any CPU
		{E527D5E8-F7B5-426A-99FC-A69B39B80460}.Debug|Any CPU.ActiveCfg = Debug|Any CPU
		{E527D5E8-F7B5-426A-99FC-A69B39B80460}.Debug|Any CPU.Build.0 = Debug|Any CPU
		{E527D5E8-F7B5-426A-99FC-A69B39B80460}.Release|Any CPU.ActiveCfg = Release|Any CPU
		{E527D5E8-F7B5-426A-99FC-A69B39B80460}.Release|Any CPU.Build.0 = Release|Any CPU
		{BF52D22D-678A-458D-8CDD-B91CCB7D7DF8}.Debug|Any CPU.ActiveCfg = Debug|Any CPU
		{BF52D22D-678A-458D-8CDD-B91CCB7D7DF8}.Debug|Any CPU.Build.0 = Debug|Any CPU
		{BF52D22D-678A-458D-8CDD-B91CCB7D7DF8}.Release|Any CPU.ActiveCfg = Release|Any CPU
		{BF52D22D-678A-458D-8CDD-B91CCB7D7DF8}.Release|Any CPU.Build.0 = Release|Any CPU
		{B9138817-4E60-4152-9412-AAA837042DB8}.Debug|Any CPU.ActiveCfg = Debug|Any CPU
		{B9138817-4E60-4152-9412-AAA837042DB8}.Debug|Any CPU.Build.0 = Debug|Any CPU
		{B9138817-4E60-4152-9412-AAA837042DB8}.Release|Any CPU.ActiveCfg = Release|Any CPU
		{B9138817-4E60-4152-9412-AAA837042DB8}.Release|Any CPU.Build.0 = Release|Any CPU
		{979E5F59-D9F4-48D9-9B96-709D24184159}.Debug|Any CPU.ActiveCfg = Debug|Any CPU
		{979E5F59-D9F4-48D9-9B96-709D24184159}.Debug|Any CPU.Build.0 = Debug|Any CPU
		{979E5F59-D9F4-48D9-9B96-709D24184159}.Release|Any CPU.ActiveCfg = Release|Any CPU
		{979E5F59-D9F4-48D9-9B96-709D24184159}.Release|Any CPU.Build.0 = Release|Any CPU
		{C3230A9F-4F79-4AE7-B5D8-5E7B02CBA87B}.Debug|Any CPU.ActiveCfg = Debug|Any CPU
		{C3230A9F-4F79-4AE7-B5D8-5E7B02CBA87B}.Debug|Any CPU.Build.0 = Debug|Any CPU
		{C3230A9F-4F79-4AE7-B5D8-5E7B02CBA87B}.Release|Any CPU.ActiveCfg = Release|Any CPU
		{C3230A9F-4F79-4AE7-B5D8-5E7B02CBA87B}.Release|Any CPU.Build.0 = Release|Any CPU
		{FB1159E3-8970-4297-82F6-C008E93D47FC}.Debug|Any CPU.ActiveCfg = Debug|Any CPU
		{FB1159E3-8970-4297-82F6-C008E93D47FC}.Debug|Any CPU.Build.0 = Debug|Any CPU
		{FB1159E3-8970-4297-82F6-C008E93D47FC}.Release|Any CPU.ActiveCfg = Release|Any CPU
		{FB1159E3-8970-4297-82F6-C008E93D47FC}.Release|Any CPU.Build.0 = Release|Any CPU
		{1A766005-360E-498D-8404-420744D5347A}.Debug|Any CPU.ActiveCfg = Debug|Any CPU
		{1A766005-360E-498D-8404-420744D5347A}.Debug|Any CPU.Build.0 = Debug|Any CPU
		{1A766005-360E-498D-8404-420744D5347A}.Release|Any CPU.ActiveCfg = Release|Any CPU
		{1A766005-360E-498D-8404-420744D5347A}.Release|Any CPU.Build.0 = Release|Any CPU
		{C056D238-0661-480E-B4A0-45AF8E64B109}.Debug|Any CPU.ActiveCfg = Debug|Any CPU
		{C056D238-0661-480E-B4A0-45AF8E64B109}.Debug|Any CPU.Build.0 = Debug|Any CPU
		{C056D238-0661-480E-B4A0-45AF8E64B109}.Release|Any CPU.ActiveCfg = Release|Any CPU
		{C056D238-0661-480E-B4A0-45AF8E64B109}.Release|Any CPU.Build.0 = Release|Any CPU
		{7A669B04-D4F8-4EBD-91D3-D871BE1C6871}.Debug|Any CPU.ActiveCfg = Debug|Any CPU
		{7A669B04-D4F8-4EBD-91D3-D871BE1C6871}.Debug|Any CPU.Build.0 = Debug|Any CPU
		{7A669B04-D4F8-4EBD-91D3-D871BE1C6871}.Release|Any CPU.ActiveCfg = Release|Any CPU
		{7A669B04-D4F8-4EBD-91D3-D871BE1C6871}.Release|Any CPU.Build.0 = Release|Any CPU
		{D61F2D57-F93B-4C9E-9239-2BEB948D33F9}.Debug|Any CPU.ActiveCfg = Debug|Any CPU
		{D61F2D57-F93B-4C9E-9239-2BEB948D33F9}.Debug|Any CPU.Build.0 = Debug|Any CPU
		{D61F2D57-F93B-4C9E-9239-2BEB948D33F9}.Release|Any CPU.ActiveCfg = Release|Any CPU
		{D61F2D57-F93B-4C9E-9239-2BEB948D33F9}.Release|Any CPU.Build.0 = Release|Any CPU
		{9B769E1D-AEF7-4263-ABF0-4F07C49A6CA4}.Debug|Any CPU.ActiveCfg = Debug|Any CPU
		{9B769E1D-AEF7-4263-ABF0-4F07C49A6CA4}.Debug|Any CPU.Build.0 = Debug|Any CPU
		{9B769E1D-AEF7-4263-ABF0-4F07C49A6CA4}.Release|Any CPU.ActiveCfg = Release|Any CPU
		{9B769E1D-AEF7-4263-ABF0-4F07C49A6CA4}.Release|Any CPU.Build.0 = Release|Any CPU
		{FE986EED-7A77-4959-8827-D1EF50E18C29}.Debug|Any CPU.ActiveCfg = Debug|Any CPU
		{FE986EED-7A77-4959-8827-D1EF50E18C29}.Debug|Any CPU.Build.0 = Debug|Any CPU
		{FE986EED-7A77-4959-8827-D1EF50E18C29}.Release|Any CPU.ActiveCfg = Release|Any CPU
		{FE986EED-7A77-4959-8827-D1EF50E18C29}.Release|Any CPU.Build.0 = Release|Any CPU
		{74074E44-4893-4318-8337-1B8F51EF9FD1}.Debug|Any CPU.ActiveCfg = Debug|Any CPU
		{74074E44-4893-4318-8337-1B8F51EF9FD1}.Debug|Any CPU.Build.0 = Debug|Any CPU
		{74074E44-4893-4318-8337-1B8F51EF9FD1}.Release|Any CPU.ActiveCfg = Release|Any CPU
		{74074E44-4893-4318-8337-1B8F51EF9FD1}.Release|Any CPU.Build.0 = Release|Any CPU
		{A2EC446E-FDFE-4C32-9BDF-644502596B2E}.Debug|Any CPU.ActiveCfg = Debug|Any CPU
		{A2EC446E-FDFE-4C32-9BDF-644502596B2E}.Debug|Any CPU.Build.0 = Debug|Any CPU
		{A2EC446E-FDFE-4C32-9BDF-644502596B2E}.Release|Any CPU.ActiveCfg = Release|Any CPU
		{A2EC446E-FDFE-4C32-9BDF-644502596B2E}.Release|Any CPU.Build.0 = Release|Any CPU
		{68C950C5-3F24-480A-970A-8D89CD72FCBB}.Debug|Any CPU.ActiveCfg = Debug|Any CPU
		{68C950C5-3F24-480A-970A-8D89CD72FCBB}.Debug|Any CPU.Build.0 = Debug|Any CPU
		{68C950C5-3F24-480A-970A-8D89CD72FCBB}.Release|Any CPU.ActiveCfg = Release|Any CPU
		{68C950C5-3F24-480A-970A-8D89CD72FCBB}.Release|Any CPU.Build.0 = Release|Any CPU
		{8A64C070-94D5-42B8-906A-1862E33E8CF2}.Debug|Any CPU.ActiveCfg = Debug|Any CPU
		{8A64C070-94D5-42B8-906A-1862E33E8CF2}.Debug|Any CPU.Build.0 = Debug|Any CPU
		{8A64C070-94D5-42B8-906A-1862E33E8CF2}.Release|Any CPU.ActiveCfg = Release|Any CPU
		{8A64C070-94D5-42B8-906A-1862E33E8CF2}.Release|Any CPU.Build.0 = Release|Any CPU
		{CEBBCC2F-430E-4555-94C4-9475DE428F83}.Debug|Any CPU.ActiveCfg = Debug|Any CPU
		{CEBBCC2F-430E-4555-94C4-9475DE428F83}.Debug|Any CPU.Build.0 = Debug|Any CPU
		{CEBBCC2F-430E-4555-94C4-9475DE428F83}.Release|Any CPU.ActiveCfg = Release|Any CPU
		{CEBBCC2F-430E-4555-94C4-9475DE428F83}.Release|Any CPU.Build.0 = Release|Any CPU
		{2B22B254-4265-42AD-8E5A-C887D55BB634}.Debug|Any CPU.ActiveCfg = Debug|Any CPU
		{2B22B254-4265-42AD-8E5A-C887D55BB634}.Debug|Any CPU.Build.0 = Debug|Any CPU
		{2B22B254-4265-42AD-8E5A-C887D55BB634}.Release|Any CPU.ActiveCfg = Release|Any CPU
		{2B22B254-4265-42AD-8E5A-C887D55BB634}.Release|Any CPU.Build.0 = Release|Any CPU
		{D1CA39C9-4F1B-4910-9AF6-B8E24FBB8EE3}.Debug|Any CPU.ActiveCfg = Debug|Any CPU
		{D1CA39C9-4F1B-4910-9AF6-B8E24FBB8EE3}.Debug|Any CPU.Build.0 = Debug|Any CPU
		{D1CA39C9-4F1B-4910-9AF6-B8E24FBB8EE3}.Release|Any CPU.ActiveCfg = Release|Any CPU
		{D1CA39C9-4F1B-4910-9AF6-B8E24FBB8EE3}.Release|Any CPU.Build.0 = Release|Any CPU
		{756449E0-8DBB-4BE8-AE81-99DA74F7EB76}.Debug|Any CPU.ActiveCfg = Debug|Any CPU
		{756449E0-8DBB-4BE8-AE81-99DA74F7EB76}.Debug|Any CPU.Build.0 = Debug|Any CPU
		{756449E0-8DBB-4BE8-AE81-99DA74F7EB76}.Release|Any CPU.ActiveCfg = Release|Any CPU
		{756449E0-8DBB-4BE8-AE81-99DA74F7EB76}.Release|Any CPU.Build.0 = Release|Any CPU
		{4BF5D117-50E4-4322-9366-3471EBD8EECC}.Debug|Any CPU.ActiveCfg = Debug|Any CPU
		{4BF5D117-50E4-4322-9366-3471EBD8EECC}.Debug|Any CPU.Build.0 = Debug|Any CPU
		{4BF5D117-50E4-4322-9366-3471EBD8EECC}.Release|Any CPU.ActiveCfg = Release|Any CPU
		{4BF5D117-50E4-4322-9366-3471EBD8EECC}.Release|Any CPU.Build.0 = Release|Any CPU
		{97173015-0348-4FF7-9045-7988DBEF4E22}.Debug|Any CPU.ActiveCfg = Debug|Any CPU
		{97173015-0348-4FF7-9045-7988DBEF4E22}.Debug|Any CPU.Build.0 = Debug|Any CPU
		{97173015-0348-4FF7-9045-7988DBEF4E22}.Release|Any CPU.ActiveCfg = Release|Any CPU
		{97173015-0348-4FF7-9045-7988DBEF4E22}.Release|Any CPU.Build.0 = Release|Any CPU
		{36FE2C01-EF6D-463B-ABF5-97BE12CFDA9F}.Debug|Any CPU.ActiveCfg = Debug|Any CPU
		{36FE2C01-EF6D-463B-ABF5-97BE12CFDA9F}.Debug|Any CPU.Build.0 = Debug|Any CPU
		{36FE2C01-EF6D-463B-ABF5-97BE12CFDA9F}.Release|Any CPU.ActiveCfg = Release|Any CPU
		{36FE2C01-EF6D-463B-ABF5-97BE12CFDA9F}.Release|Any CPU.Build.0 = Release|Any CPU
		{3E6C06F8-0751-4B4D-85B9-2D1F1BED3A76}.Debug|Any CPU.ActiveCfg = Debug|Any CPU
		{3E6C06F8-0751-4B4D-85B9-2D1F1BED3A76}.Debug|Any CPU.Build.0 = Debug|Any CPU
		{3E6C06F8-0751-4B4D-85B9-2D1F1BED3A76}.Release|Any CPU.ActiveCfg = Release|Any CPU
		{3E6C06F8-0751-4B4D-85B9-2D1F1BED3A76}.Release|Any CPU.Build.0 = Release|Any CPU
		{CD827C61-050A-4A36-8473-CDCE960DD0FE}.Debug|Any CPU.ActiveCfg = Debug|Any CPU
		{CD827C61-050A-4A36-8473-CDCE960DD0FE}.Debug|Any CPU.Build.0 = Debug|Any CPU
		{CD827C61-050A-4A36-8473-CDCE960DD0FE}.Release|Any CPU.ActiveCfg = Release|Any CPU
		{CD827C61-050A-4A36-8473-CDCE960DD0FE}.Release|Any CPU.Build.0 = Release|Any CPU
		{609CFCFC-CEE0-45AA-9004-4595E35C9D19}.Debug|Any CPU.ActiveCfg = Debug|Any CPU
		{609CFCFC-CEE0-45AA-9004-4595E35C9D19}.Debug|Any CPU.Build.0 = Debug|Any CPU
		{609CFCFC-CEE0-45AA-9004-4595E35C9D19}.Release|Any CPU.ActiveCfg = Release|Any CPU
		{609CFCFC-CEE0-45AA-9004-4595E35C9D19}.Release|Any CPU.Build.0 = Release|Any CPU
		{80521C37-D3DF-49E7-9174-CBDBF509379E}.Debug|Any CPU.ActiveCfg = Debug|Any CPU
		{80521C37-D3DF-49E7-9174-CBDBF509379E}.Debug|Any CPU.Build.0 = Debug|Any CPU
		{80521C37-D3DF-49E7-9174-CBDBF509379E}.Release|Any CPU.ActiveCfg = Release|Any CPU
		{80521C37-D3DF-49E7-9174-CBDBF509379E}.Release|Any CPU.Build.0 = Release|Any CPU
		{73EB907E-93ED-4044-8630-751C2FC402C3}.Debug|Any CPU.ActiveCfg = Debug|Any CPU
		{73EB907E-93ED-4044-8630-751C2FC402C3}.Debug|Any CPU.Build.0 = Debug|Any CPU
		{73EB907E-93ED-4044-8630-751C2FC402C3}.Release|Any CPU.ActiveCfg = Release|Any CPU
		{73EB907E-93ED-4044-8630-751C2FC402C3}.Release|Any CPU.Build.0 = Release|Any CPU
		{38BF6107-EE57-4622-9FE9-AC1DD7E4F5FB}.Debug|Any CPU.ActiveCfg = Debug|Any CPU
		{38BF6107-EE57-4622-9FE9-AC1DD7E4F5FB}.Debug|Any CPU.Build.0 = Debug|Any CPU
		{38BF6107-EE57-4622-9FE9-AC1DD7E4F5FB}.Release|Any CPU.ActiveCfg = Release|Any CPU
		{38BF6107-EE57-4622-9FE9-AC1DD7E4F5FB}.Release|Any CPU.Build.0 = Release|Any CPU
		{1F17B034-E4FD-4940-AFD8-67BEDF518B5C}.Debug|Any CPU.ActiveCfg = Debug|Any CPU
		{1F17B034-E4FD-4940-AFD8-67BEDF518B5C}.Debug|Any CPU.Build.0 = Debug|Any CPU
		{1F17B034-E4FD-4940-AFD8-67BEDF518B5C}.Release|Any CPU.ActiveCfg = Release|Any CPU
		{1F17B034-E4FD-4940-AFD8-67BEDF518B5C}.Release|Any CPU.Build.0 = Release|Any CPU
		{20BF8E87-DB13-4EC4-A737-C9D79183730F}.Debug|Any CPU.ActiveCfg = Debug|Any CPU
		{20BF8E87-DB13-4EC4-A737-C9D79183730F}.Debug|Any CPU.Build.0 = Debug|Any CPU
		{20BF8E87-DB13-4EC4-A737-C9D79183730F}.Release|Any CPU.ActiveCfg = Release|Any CPU
		{20BF8E87-DB13-4EC4-A737-C9D79183730F}.Release|Any CPU.Build.0 = Release|Any CPU
		{E2738056-8BD5-416E-8923-08E237BA030C}.Debug|Any CPU.ActiveCfg = Debug|Any CPU
		{E2738056-8BD5-416E-8923-08E237BA030C}.Debug|Any CPU.Build.0 = Debug|Any CPU
		{E2738056-8BD5-416E-8923-08E237BA030C}.Release|Any CPU.ActiveCfg = Release|Any CPU
		{E2738056-8BD5-416E-8923-08E237BA030C}.Release|Any CPU.Build.0 = Release|Any CPU
	EndGlobalSection
	GlobalSection(SolutionProperties) = preSolution
		HideSolutionNode = FALSE
	EndGlobalSection
	GlobalSection(NestedProjects) = preSolution
		{4D4DF7B2-39CD-48B4-857D-3B6CC0565A98} = {49842E4D-CB88-4D75-8C7A-2ADFB7CDB59D}
		{D67D3A2D-D762-46EA-A2C6-887BBCD55E4F} = {49842E4D-CB88-4D75-8C7A-2ADFB7CDB59D}
		{AA6ED029-D5E7-42EE-91B5-937FAA99B639} = {49842E4D-CB88-4D75-8C7A-2ADFB7CDB59D}
		{BF52D22D-678A-458D-8CDD-B91CCB7D7DF8} = {49842E4D-CB88-4D75-8C7A-2ADFB7CDB59D}
		{979E5F59-D9F4-48D9-9B96-709D24184159} = {49842E4D-CB88-4D75-8C7A-2ADFB7CDB59D}
		{FB1159E3-8970-4297-82F6-C008E93D47FC} = {49842E4D-CB88-4D75-8C7A-2ADFB7CDB59D}
		{C056D238-0661-480E-B4A0-45AF8E64B109} = {49842E4D-CB88-4D75-8C7A-2ADFB7CDB59D}
		{D61F2D57-F93B-4C9E-9239-2BEB948D33F9} = {49842E4D-CB88-4D75-8C7A-2ADFB7CDB59D}
		{FE986EED-7A77-4959-8827-D1EF50E18C29} = {49842E4D-CB88-4D75-8C7A-2ADFB7CDB59D}
		{A2EC446E-FDFE-4C32-9BDF-644502596B2E} = {49842E4D-CB88-4D75-8C7A-2ADFB7CDB59D}
		{8A64C070-94D5-42B8-906A-1862E33E8CF2} = {49842E4D-CB88-4D75-8C7A-2ADFB7CDB59D}
		{2B22B254-4265-42AD-8E5A-C887D55BB634} = {49842E4D-CB88-4D75-8C7A-2ADFB7CDB59D}
		{756449E0-8DBB-4BE8-AE81-99DA74F7EB76} = {49842E4D-CB88-4D75-8C7A-2ADFB7CDB59D}
		{97173015-0348-4FF7-9045-7988DBEF4E22} = {49842E4D-CB88-4D75-8C7A-2ADFB7CDB59D}
		{3E6C06F8-0751-4B4D-85B9-2D1F1BED3A76} = {49842E4D-CB88-4D75-8C7A-2ADFB7CDB59D}
		{609CFCFC-CEE0-45AA-9004-4595E35C9D19} = {49842E4D-CB88-4D75-8C7A-2ADFB7CDB59D}
		{73EB907E-93ED-4044-8630-751C2FC402C3} = {49842E4D-CB88-4D75-8C7A-2ADFB7CDB59D}
		{1F17B034-E4FD-4940-AFD8-67BEDF518B5C} = {49842E4D-CB88-4D75-8C7A-2ADFB7CDB59D}
		{E2738056-8BD5-416E-8923-08E237BA030C} = {49842E4D-CB88-4D75-8C7A-2ADFB7CDB59D}
	EndGlobalSection
	GlobalSection(ExtensibilityGlobals) = postSolution
		SolutionGuid = {35AE0984-3F04-4A5E-93B1-A0E713F3C603}
	EndGlobalSection
EndGlobal
